<Project xmlns="http://schemas.microsoft.com/developer/msbuild/2003">
    <PropertyGroup>
        <Base>True</Base>
        <AppType>Console</AppType>
        <Config Condition="'$(Config)'==''">Debug</Config>
        <FrameworkType>None</FrameworkType>
        <MainSource>UsesCleaner.dpr</MainSource>
        <Platform Condition="'$(Platform)'==''">Win32</Platform>
        <ProjectGuid>{9C5E7305-6DB7-468B-AA8D-9C5294F9308C}</ProjectGuid>
        <ProjectVersion>19.5</ProjectVersion>
        <TargetedPlatforms>1</TargetedPlatforms>
    </PropertyGroup>
    <PropertyGroup Condition="'$(Config)'=='Base' or '$(Base)'!=''">
        <Base>true</Base>
    </PropertyGroup>
    <PropertyGroup Condition="('$(Platform)'=='Win32' and '$(Base)'=='true') or '$(Base_Win32)'!=''">
        <Base_Win32>true</Base_Win32>
        <CfgParent>Base</CfgParent>
        <Base>true</Base>
    </PropertyGroup>
    <PropertyGroup Condition="'$(Config)'=='Debug' or '$(Cfg_1)'!=''">
        <Cfg_1>true</Cfg_1>
        <CfgParent>Base</CfgParent>
        <Base>true</Base>
    </PropertyGroup>
    <PropertyGroup Condition="('$(Platform)'=='Win32' and '$(Cfg_1)'=='true') or '$(Cfg_1_Win32)'!=''">
        <Cfg_1_Win32>true</Cfg_1_Win32>
        <CfgParent>Cfg_1</CfgParent>
        <Cfg_1>true</Cfg_1>
        <Base>true</Base>
    </PropertyGroup>
    <PropertyGroup Condition="'$(Config)'=='Release' or '$(Cfg_2)'!=''">
        <Cfg_2>true</Cfg_2>
        <CfgParent>Base</CfgParent>
        <Base>true</Base>
    </PropertyGroup>
    <PropertyGroup Condition="('$(Platform)'=='Win32' and '$(Cfg_2)'=='true') or '$(Cfg_2_Win32)'!=''">
        <Cfg_2_Win32>true</Cfg_2_Win32>
        <CfgParent>Cfg_2</CfgParent>
        <Cfg_2>true</Cfg_2>
        <Base>true</Base>
    </PropertyGroup>
    <PropertyGroup Condition="'$(Base)'!=''">
        <SanitizedProjectName>UsesCleaner</SanitizedProjectName>
        <DCC_DcuOutput>.\$(Platform)\$(Config)</DCC_DcuOutput>
        <DCC_ExeOutput>.\$(Platform)\$(Config)</DCC_ExeOutput>
        <DCC_Namespace>System;Xml;Data;Datasnap;Web;Soap;$(DCC_Namespace)</DCC_Namespace>
        <VerInfo_Keys>CompanyName=;FileDescription=;FileVersion=1.0.0.0;InternalName=;LegalCopyright=;LegalTrademarks=;OriginalFilename=;ProductName=;ProductVersion=1.0.0.0;Comments=</VerInfo_Keys>
        <VerInfo_Locale>1031</VerInfo_Locale>
    </PropertyGroup>
    <PropertyGroup Condition="'$(Base_Win32)'!=''">
        <DCC_ConsoleTarget>true</DCC_ConsoleTarget>
        <DCC_Namespace>Winapi;System.Win;Data.Win;Datasnap.Win;Web.Win;Soap.Win;Xml.Win;Bde;$(DCC_Namespace)</DCC_Namespace>
        <DCC_UsePackage>DBXSqliteDriver;RESTComponents;fmxase;DBXDb2Driver;DBXInterBaseDriver;OmniThreadLibraryRuntime;vclactnband;vclFireDAC;fs24;emsclientfiredac;tethering;svnui;DataSnapFireDAC;NxDBGridRun_d10_1;FireDACADSDriver;DBXMSSQLDriver;TMSScripter;DatasnapConnectorsFreePascal;FireDACMSSQLDriver;vcltouch;vcldb;bindcompfmx;svn;DBUpdatePkg;DBXOracleDriver;inetdb;RaizeComponentsVcl;frxADO24;TMSFMXWebGMapsPkgDXE10;FmxTeeUI;emsedge;RaizeComponentsVclDb;FireDACIBDriver;fmx;fmxdae;TMSmCLPkgDXE10;frx24;vclib;NxCommonDsgn_d10_1;frxDBX24;vclZipForged;TMSScripter_Memo;RadiantShapesFmx;TMSiCLPkgDXE10;FireDACDBXDriver;dbexpress;IndyCore;tmsexdXE10;vclx;NxCommonRun_d10_1;dsnap;emsclient;DataSnapCommon;IpRaizeExt;FireDACCommon;fsADO24;TMSFMXWebOSMapsPkgDXE10;RESTBackendComponents;DataSnapConnectors;NxGridDsgn_d10_1;VCLRESTComponents;soapserver;TMSScripter_Legacy;NxGridRun_d10_1;AbakusStd;TMSScripter_VCL;vclie;bindengine;DBXMySQLDriver;CloudService;FireDACOracleDriver;FireDACMySQLDriver;DBXFirebirdDriver;fsDB24;SelectiveDebugging;NxCollectionRun_d10_1;FireDACCommonODBC;FireDACCommonDriver;DataSnapClient;inet;IndyIPCommon;bindcompdbx;NxInspectorRun_d10_1;vcl;IndyIPServer;DBXSybaseASEDriver;PngComponents;IndySystem;NxInspectorDsgn_d10_1;FireDACDb2Driver;TMSFMXChartPkgDEDXE10;A407_R;GLScene_RunTime;tmsxlsdXE10;dsnapcon;trControlPkg;madExcept_;VirtualTreesR;NxDBGridDsgn_d10_1;FireDACMSAccDriver;fmxFireDAC;FireDACInfxDriver;vclimg;madBasic_;TeeDB;FireDAC;emshosting;FireDACSqliteDriver;FireDACPgDriver;ibmonitor;FireDACASADriver;acerun;DBXOdbcDriver;FireDACTDataDriver;FMXTee;soaprtl;DbxCommonDriver;CodeSiteLoggingPkg;ibxpress;Tee;CodeSiteDBToolsPkg;DataSnapServer;xmlrtl;soapmidas;DataSnapNativeClient;fmxobj;vclwinx;FireDACDSDriver;rtl;ibxbindings;DbxClientDriver;IPCommonDb;DBXSybaseASADriver;frxTee24;CustomIPTransport;vcldsnap;madDisAsm_;TMSFMXPackPkgDXE10;DOSCommandDR;TMSScripter_IDE;bindcomp;appanalytics;TMSFMXChartPkgDXE10;DBXInformixDriver;fsTee24;tmswizdXE10;IndyIPClient;bindcompvcl;localizer;TMSFMXCloudPackPkgDXE10;FixInsight_10_1;TeeUI;IPCommon;frxe24;dbxcds;VclSmp;KernowSoftwareFMX;adortl;FireDACODBCDriver;RadiantShapesFmx_Design;AbbreviaVCL;DataSnapIndy10ServerTransport;aurelius;frxDB24;dsnapxml;DataSnapProviderClient;dbrtl;IndyProtocols;inetdbxpress;FireDACMongoDBDriver;GLCg_RunTime;ObjDataSet;TMSFMXPackPkgDEDXE10;NxCollectionDsgn_d10_1;AbakusDBStd;tmsdXE10;DataSnapServerMidas;$(DCC_UsePackage)</DCC_UsePackage>
        <VerInfo_Keys>CompanyName=;FileVersion=1.0.0.0;InternalName=;LegalCopyright=;LegalTrademarks=;OriginalFilename=;ProductVersion=1.0.0.0;Comments=;ProgramID=com.embarcadero.$(ModuleName);FileDescription=$(ModuleName);ProductName=$(ModuleName)</VerInfo_Keys>
        <VerInfo_Locale>1033</VerInfo_Locale>
    </PropertyGroup>
    <PropertyGroup Condition="'$(Cfg_1)'!=''">
        <DCC_DebugInfoInExe>true</DCC_DebugInfoInExe>
        <DCC_Define>DEBUG;$(DCC_Define)</DCC_Define>
        <DCC_GenerateStackFrames>true</DCC_GenerateStackFrames>
        <DCC_Optimize>false</DCC_Optimize>
        <DCC_RemoteDebug>true</DCC_RemoteDebug>
    </PropertyGroup>
    <PropertyGroup Condition="'$(Cfg_1_Win32)'!=''">
        <AppDPIAwarenessMode>none</AppDPIAwarenessMode>
        <DCC_RemoteDebug>false</DCC_RemoteDebug>
    </PropertyGroup>
    <PropertyGroup Condition="'$(Cfg_2)'!=''">
        <DCC_DebugInformation>0</DCC_DebugInformation>
        <DCC_Define>RELEASE;$(DCC_Define)</DCC_Define>
        <DCC_LocalDebugSymbols>false</DCC_LocalDebugSymbols>
        <DCC_SymbolReferenceInfo>0</DCC_SymbolReferenceInfo>
    </PropertyGroup>
    <PropertyGroup Condition="'$(Cfg_2_Win32)'!=''">
    </PropertyGroup>
    <ItemGroup>
        <DelphiCompile Include="$(MainSource)">
            <MainSource>MainSource</MainSource>
        </DelphiCompile>
        <DCCReference Include="SimpleParser.Lexer.Types.pas"/>
        <DCCReference Include="SimpleParser.Lexer.pas"/>
        <DCCReference Include="uCmdLineHandler.pas"/>
        <DCCReference Include="uFileHandlerCmdLine.pas"/>
        <DCCReference Include="uSourceFileUsesClauseFormatter.pas"/>
        <DCCReference Include="UsesClause.Formatter.pas"/>
        <DCCReference Include="UsesClause.Types.pas"/>
        <BuildConfiguration Include="Base">
            <Key>Base</Key>
        </BuildConfiguration>
        <BuildConfiguration Include="Debug">
            <Key>Cfg_1</Key>
            <CfgParent>Base</CfgParent>
        </BuildConfiguration>
        <BuildConfiguration Include="Release">
            <Key>Cfg_2</Key>
            <CfgParent>Base</CfgParent>
        </BuildConfiguration>
    </ItemGroup>
    <ProjectExtensions>
        <Borland.Personality>Delphi.Personality.12</Borland.Personality>
        <Borland.ProjectType>Application</Borland.ProjectType>
        <BorlandProject>
            <Delphi.Personality>
                <Source>
                    <Source Name="MainSource">UsesCleaner.dpr</Source>
                </Source>
                <Excluded_Packages/>
            </Delphi.Personality>
            <Platforms>
                <Platform value="Win32">True</Platform>
                <Platform value="Win64">False</Platform>
            </Platforms>
            <MMX>
                <UsesClauseFormatter AutoFormat="0">
                    <GroupNames>WinApi;System.Win;System;Data;Vcl</GroupNames>
                </UsesClauseFormatter>
            </MMX>
        </BorlandProject>
        <ProjectFileVersion>12</ProjectFileVersion>
    </ProjectExtensions>
    <Import Project="$(BDS)\Bin\CodeGear.Delphi.Targets" Condition="Exists('$(BDS)\Bin\CodeGear.Delphi.Targets')"/>
    <Import Project="$(APPDATA)\Embarcadero\$(BDSAPPDATABASEDIR)\$(PRODUCTVERSION)\UserTools.proj" Condition="Exists('$(APPDATA)\Embarcadero\$(BDSAPPDATABASEDIR)\$(PRODUCTVERSION)\UserTools.proj')"/>
    <Import Project="$(MSBuildProjectName).deployproj" Condition="Exists('$(MSBuildProjectName).deployproj')"/>
</Project>
